{
  "name": "@kmamal/chart",
  "version": "0.0.7",
  "lockfileVersion": 2,
  "requires": true,
  "packages": {
    "": {
      "name": "@kmamal/chart",
      "version": "0.0.7",
      "license": "MIT",
      "dependencies": {
        "@kmamal/util": "^0.0.79"
      }
    },
    "node_modules/@kmamal/util": {
      "version": "0.0.79",
      "resolved": "https://registry.npmjs.org/@kmamal/util/-/util-0.0.79.tgz",
      "integrity": "sha512-vYRNYkWSWMZ02kP/4M545Y9zJDZCosJBMvO8ObvVbro/lD/EBTm60YcBq1ZsBj+IgTL2Zdy5/1vFkOHjq3YmKQ=="
    }
  },
  "dependencies": {
    "@kmamal/util": {
      "version": "0.0.79",
      "resolved": "https://registry.npmjs.org/@kmamal/util/-/util-0.0.79.tgz",
      "integrity": "sha512-vYRNYkWSWMZ02kP/4M545Y9zJDZCosJBMvO8ObvVbro/lD/EBTm60YcBq1ZsBj+IgTL2Zdy5/1vFkOHjq3YmKQ=="
    }
  }
}
