{
  "name": "@kmamal/chart",
  "version": "0.0.4",
  "lockfileVersion": 2,
  "requires": true,
  "packages": {
    "": {
      "name": "@kmamal/chart",
      "version": "0.0.4",
      "license": "MIT",
      "dependencies": {
        "@kmamal/math": "^0.0.60"
      }
    },
    "node_modules/@kmamal/math": {
      "version": "0.0.60",
      "resolved": "https://registry.npmjs.org/@kmamal/math/-/math-0.0.60.tgz",
      "integrity": "sha512-itj4kX7hR5G6R2qARTDDZFuGUjS6q9dTUCkt2AxmbChjWbKq9TWSH1cPAoO8qx05ahbGc0HV9ukDZu3Ws9xwWg==",
      "dependencies": {
        "@kmamal/util": "^0.0.57"
      }
    },
    "node_modules/@kmamal/util": {
      "version": "0.0.57",
      "resolved": "https://registry.npmjs.org/@kmamal/util/-/util-0.0.57.tgz",
      "integrity": "sha512-k+jl+vxyRNX+SmhUDkUywQ+buJ2VSERLXd6NTAbOoecYR0XrKxLe8BP1ecy2EFeQNVlGskrmXYzm70zwR7FsQQ=="
    }
  },
  "dependencies": {
    "@kmamal/math": {
      "version": "0.0.60",
      "resolved": "https://registry.npmjs.org/@kmamal/math/-/math-0.0.60.tgz",
      "integrity": "sha512-itj4kX7hR5G6R2qARTDDZFuGUjS6q9dTUCkt2AxmbChjWbKq9TWSH1cPAoO8qx05ahbGc0HV9ukDZu3Ws9xwWg==",
      "requires": {
        "@kmamal/util": "^0.0.57"
      }
    },
    "@kmamal/util": {
      "version": "0.0.57",
      "resolved": "https://registry.npmjs.org/@kmamal/util/-/util-0.0.57.tgz",
      "integrity": "sha512-k+jl+vxyRNX+SmhUDkUywQ+buJ2VSERLXd6NTAbOoecYR0XrKxLe8BP1ecy2EFeQNVlGskrmXYzm70zwR7FsQQ=="
    }
  }
}
